Microsoft Visual Studio Solution File, Format Version 12.00
# Visual Studio 2013
VisualStudioVersion = 12.0.30723.0
MinimumVisualStudioVersion = 10.0.40219.1
Project("{FAE04EC0-301F-11D3-BF4B-00C04F79EFBC}") = "ANT_Managed_Library", "ANT_Managed_Library\ANT_Managed_Library.csproj", "{16270052-0DB5-41F9-8DD4-D1700E6E7281}"
EndProject
Project("{FAE04EC0-301F-11D3-BF4B-00C04F79EFBC}") = "createAntConnection", "createAntConnection\createAntConnection.csproj", "{73A108D9-6E34-4446-A5F4-45365C4390F8}"
EndProject
Project("{FAE04EC0-301F-11D3-BF4B-00C04F79EFBC}") = "AntGame", "AntGame\AntGame.csproj", "{93374017-86DE-48FC-85EA-839E2A1E3BC5}"
EndProject
Global
	GlobalSection(SolutionConfigurationPlatforms) = preSolution
		Debug|Any CPU = Debug|Any CPU
		Release|Any CPU = Release|Any CPU
	EndGlobalSection
	GlobalSection(ProjectConfigurationPlatforms) = postSolution
		{16270052-0DB5-41F9-8DD4-D1700E6E7281}.Debug|Any CPU.ActiveCfg = Debug|x86
		{16270052-0DB5-41F9-8DD4-D1700E6E7281}.Debug|Any CPU.Build.0 = Debug|x86
		{16270052-0DB5-41F9-8DD4-D1700E6E7281}.Release|Any CPU.ActiveCfg = Release|Any CPU
		{16270052-0DB5-41F9-8DD4-D1700E6E7281}.Release|Any CPU.Build.0 = Release|Any CPU
		{73A108D9-6E34-4446-A5F4-45365C4390F8}.Debug|Any CPU.ActiveCfg = Debug|x86
		{73A108D9-6E34-4446-A5F4-45365C4390F8}.Debug|Any CPU.Build.0 = Debug|x86
		{73A108D9-6E34-4446-A5F4-45365C4390F8}.Release|Any CPU.ActiveCfg = Release|Any CPU
		{73A108D9-6E34-4446-A5F4-45365C4390F8}.Release|Any CPU.Build.0 = Release|Any CPU
		{93374017-86DE-48FC-85EA-839E2A1E3BC5}.Debug|Any CPU.ActiveCfg = Debug|Any CPU
		{93374017-86DE-48FC-85EA-839E2A1E3BC5}.Debug|Any CPU.Build.0 = Debug|Any CPU
		{93374017-86DE-48FC-85EA-839E2A1E3BC5}.Release|Any CPU.ActiveCfg = Release|Any CPU
		{93374017-86DE-48FC-85EA-839E2A1E3BC5}.Release|Any CPU.Build.0 = Release|Any CPU
	EndGlobalSection
	GlobalSection(SolutionProperties) = preSolution
		HideSolutionNode = FALSE
	EndGlobalSection
EndGlobal
